
Microsoft Visual Studio Solution File, Format Version 12.00
# Visual Studio Version 17
VisualStudioVersion = 17.0.31903.59
MinimumVisualStudioVersion = 10.0.40219.1
Project("{FAE04EC0-301F-11D3-BF4B-00C04F79EFBC}") = "Fajn", "Fajn\Fajn.csproj", "{995AB787-0DA6-4317-BCE2-9683FA104EB5}"
EndProject
Global
	GlobalSection(SolutionConfigurationPlatforms) = preSolution
		Debug|Any CPU = Debug|Any CPU
		Release|Any CPU = Release|Any CPU
	EndGlobalSection
	GlobalSection(ProjectConfigurationPlatforms) = postSolution
		{995AB787-0DA6-4317-BCE2-9683FA104EB5}.Debug|Any CPU.ActiveCfg = Debug|Any CPU
		{995AB787-0DA6-4317-BCE2-9683FA104EB5}.Debug|Any CPU.Build.0 = Debug|Any CPU
		{995AB787-0DA6-4317-BCE2-9683FA104EB5}.Release|Any CPU.ActiveCfg = Release|Any CPU
		{995AB787-0DA6-4317-BCE2-9683FA104EB5}.Release|Any CPU.Build.0 = Release|Any CPU
	EndGlobalSection
	GlobalSection(SolutionProperties) = preSolution
		HideSolutionNode = FALSE
	EndGlobalSection
	GlobalSection(ExtensibilityGlobals) = postSolution
		SolutionGuid = {64D8AB7F-0EC2-4036-876D-8DD5BFC81694}
	EndGlobalSection
EndGlobal
